# This file is automatically @generated by Poetry 1.8.4 and should not be changed by hand.

[[package]]
name = "annotated-types"
version = "0.7.0"
description = "Reusable constraint types to use with typing.Annotated"
optional = false
python-versions = ">=3.8"
files = [
    {file = "annotated_types-0.7.0-py3-none-any.whl", hash = "sha256:1f02e8b43a8fbbc3f3e0d4f0f4bfc8131bcb4eebe8849b8e5c773f3a1c582a53"},
    {file = "annotated_types-0.7.0.tar.gz", hash = "sha256:aff07c09a53a08bc8cfccb9c85b05f1aa9a2a6f23728d790723543408344ce89"},
]

[[package]]
name = "argparse"
version = "1.4.0"
description = "Python command-line parsing library"
optional = false
python-versions = "*"
files = [
    {file = "argparse-1.4.0-py2.py3-none-any.whl", hash = "sha256:c31647edb69fd3d465a847ea3157d37bed1f95f19760b11a47aa91c04b666314"},
    {file = "argparse-1.4.0.tar.gz", hash = "sha256:62b089a55be1d8949cd2bc7e0df0bddb9e028faefc8c32038cc84862aefdd6e4"},
]

[[package]]
name = "pydantic"
version = "2.10.6"
description = "Data validation using Python type hints"
optional = false
python-versions = ">=3.8"
files = [
    {file = "pydantic-2.10.6-py3-none-any.whl", hash = "sha256:427d664bf0b8a2b34ff5dd0f5a18df00591adcee7198fbd71981054cef37b584"},
    {file = "pydantic-2.10.6.tar.gz", hash = "sha256:ca5daa827cce33de7a42be142548b0096bf05a7e7b365aebfa5f8eeec7128236"},
]

[package.dependencies]
annotated-types = ">=0.6.0"
pydantic-core = "2.27.2"
typing-extensions = ">=4.12.2"

[package.extras]
email = ["email-validator (>=2.0.0)"]
timezone = ["tzdata"]

[[package]]
name = "pydantic-core"
version = "2.27.2"
description = "Core functionality for Pydantic validation and serialization"
optional = false
python-versions = ">=3.8"
files = [
    {file = "pydantic_core-2.27.2-cp310-cp310-macosx_10_12_x86_64.whl", hash = "sha256:2d367ca20b2f14095a8f4fa1210f5a7b78b8a20009ecced6b12818f455b1e9fa"},
    {file = "pydantic_core-2.27.2-cp310-cp310-macosx_11_0_arm64.whl", hash = "sha256:491a2b73db93fab69731eaee494f320faa4e093dbed776be1a829c2eb222c34c"},
    {file = "pydantic_core-2.27.2-cp310-cp310-manylinux_2_17_aarch64.manylinux2014_aarch64.whl", hash = "sha256:7969e133a6f183be60e9f6f56bfae753585680f3b7307a8e555a948d443cc05a"},
    {file = "pydantic_core-2.27.2-cp310-cp310-manylinux_2_17_armv7l.manylinux2014_armv7l.whl", hash = "sha256:3de9961f2a346257caf0aa508a4da705467f53778e9ef6fe744c038119737ef5"},
    {file = "pydantic_core-2.27.2-cp310-cp310-manylinux_2_17_ppc64le.manylinux2014_ppc64le.whl", hash = "sha256:e2bb4d3e5873c37bb3dd58714d4cd0b0e6238cebc4177ac8fe878f8b3aa8e74c"},
    {file = "pydantic_core-2.27.2-cp310-cp310-manylinux_2_17_s390x.manylinux2014_s390x.whl", hash = "sha256:280d219beebb0752699480fe8f1dc61ab6615c2046d76b7ab7ee38858de0a4e7"},
    {file = "pydantic_core-2.27.2-cp310-cp310-manylinux_2_17_x86_64.manylinux2014_x86_64.whl", hash = "sha256:47956ae78b6422cbd46f772f1746799cbb862de838fd8d1fbd34a82e05b0983a"},
    {file = "pydantic_core-2.27.2-cp310-cp310-manylinux_2_5_i686.manylinux1_i686.whl", hash = "sha256:14d4a5c49d2f009d62a2a7140d3064f686d17a5d1a268bc641954ba181880236"},
    {file = "pydantic_core-2.27.2-cp310-cp310-musllinux_1_1_aarch64.whl", hash = "sha256:337b443af21d488716f8d0b6164de833e788aa6bd7e3a39c005febc1284f4962"},
    {file = "pydantic_core-2.27.2-cp310-cp310-musllinux_1_1_armv7l.whl", hash = "sha256:03d0f86ea3184a12f41a2d23f7ccb79cdb5a18e06993f8a45baa8dfec746f0e9"},
    {file = "pydantic_core-2.27.2-cp310-cp310-musllinux_1_1_x86_64.whl", hash = "sha256:7041c36f5680c6e0f08d922aed302e98b3745d97fe1589db0a3eebf6624523af"},
    {file = "pydantic_core-2.27.2-cp310-cp310-win32.whl", hash = "sha256:50a68f3e3819077be2c98110c1f9dcb3817e93f267ba80a2c05bb4f8799e2ff4"},
    {file = "pydantic_core-2.27.2-cp310-cp310-win_amd64.whl", hash = "sha256:e0fd26b16394ead34a424eecf8a31a1f5137094cabe84a1bcb10fa6ba39d3d31"},
    {file = "pydantic_core-2.27.2-cp311-cp311-macosx_10_12_x86_64.whl", hash = "sha256:8e10c99ef58cfdf2a66fc15d66b16c4a04f62bca39db589ae8cba08bc55331bc"},
    {file = "pydantic_core-2.27.2-cp311-cp311-macosx_11_0_arm64.whl", hash = "sha256:26f32e0adf166a84d0cb63be85c562ca8a6fa8de28e5f0d92250c6b7e9e2aff7"},
    {file = "pydantic_core-2.27.2-cp311-cp311-manylinux_2_17_aarch64.manylinux2014_aarch64.whl", hash = "sha256:8c19d1ea0673cd13cc2f872f6c9ab42acc4e4f492a7ca9d3795ce2b112dd7e15"},
    {file = "pydantic_core-2.27.2-cp311-cp311-manylinux_2_17_armv7l.manylinux2014_armv7l.whl", hash = "sha256:5e68c4446fe0810e959cdff46ab0a41ce2f2c86d227d96dc3847af0ba7def306"},
    {file = "pydantic_core-2.27.2-cp311-cp311-manylinux_2_17_ppc64le.manylinux2014_ppc64le.whl", hash = "sha256:d9640b0059ff4f14d1f37321b94061c6db164fbe49b334b31643e0528d100d99"},
    {file = "pydantic_core-2.27.2-cp311-cp311-manylinux_2_17_s390x.manylinux2014_s390x.whl", hash = "sha256:40d02e7d45c9f8af700f3452f329ead92da4c5f4317ca9b896de7ce7199ea459"},
    {file = "pydantic_core-2.27.2-cp311-cp311-manylinux_2_17_x86_64.manylinux2014_x86_64.whl", hash = "sha256:1c1fd185014191700554795c99b347d64f2bb637966c4cfc16998a0ca700d048"},
    {file = "pydantic_core-2.27.2-cp311-cp311-manylinux_2_5_i686.manylinux1_i686.whl", hash = "sha256:d81d2068e1c1228a565af076598f9e7451712700b673de8f502f0334f281387d"},
    {file = "pydantic_core-2.27.2-cp311-cp311-musllinux_1_1_aarch64.whl", hash = "sha256:1a4207639fb02ec2dbb76227d7c751a20b1a6b4bc52850568e52260cae64ca3b"},
    {file = "pydantic_core-2.27.2-cp311-cp311-musllinux_1_1_armv7l.whl", hash = "sha256:3de3ce3c9ddc8bbd88f6e0e304dea0e66d843ec9de1b0042b0911c1663ffd474"},
    {file = "pydantic_core-2.27.2-cp311-cp311-musllinux_1_1_x86_64.whl", hash = "sha256:30c5f68ded0c36466acede341551106821043e9afaad516adfb6e8fa80a4e6a6"},
    {file = "pydantic_core-2.27.2-cp311-cp311-win32.whl", hash = "sha256:c70c26d2c99f78b125a3459f8afe1aed4d9687c24fd677c6a4436bc042e50d6c"},
    {file = "pydantic_core-2.27.2-cp311-cp311-win_amd64.whl", hash = "sha256:08e125dbdc505fa69ca7d9c499639ab6407cfa909214d500897d02afb816e7cc"},
    {file = "pydantic_core-2.27.2-cp311-cp311-win_arm64.whl", hash = "sha256:26f0d68d4b235a2bae0c3fc585c585b4ecc51382db0e3ba402a22cbc440915e4"},
    {file = "pydantic_core-2.27.2-cp312-cp312-macosx_10_12_x86_64.whl", hash = "sha256:9e0c8cfefa0ef83b4da9588448b6d8d2a2bf1a53c3f1ae5fca39eb3061e2f0b0"},
    {file = "pydantic_core-2.27.2-cp312-cp312-macosx_11_0_arm64.whl", hash = "sha256:83097677b8e3bd7eaa6775720ec8e0405f1575015a463285a92bfdfe254529ef"},
    {file = "pydantic_core-2.27.2-cp312-cp312-manylinux_2_17_aarch64.manylinux2014_aarch64.whl", hash = "sha256:172fce187655fece0c90d90a678424b013f8fbb0ca8b036ac266749c09438cb7"},
    {file = "pydantic_core-2.27.2-cp312-cp312-manylinux_2_17_armv7l.manylinux2014_armv7l.whl", hash = "sha256:519f29f5213271eeeeb3093f662ba2fd512b91c5f188f3bb7b27bc5973816934"},
    {file = "pydantic_core-2.27.2-cp312-cp312-manylinux_2_17_ppc64le.manylinux2014_ppc64le.whl", hash = "sha256:05e3a55d124407fffba0dd6b0c0cd056d10e983ceb4e5dbd10dda135c31071d6"},
    {file = "pydantic_core-2.27.2-cp312-cp312-manylinux_2_17_s390x.manylinux2014_s390x.whl", hash = "sha256:9c3ed807c7b91de05e63930188f19e921d1fe90de6b4f5cd43ee7fcc3525cb8c"},
    {file = "pydantic_core-2.27.2-cp312-cp312-manylinux_2_17_x86_64.manylinux2014_x86_64.whl", hash = "sha256:6fb4aadc0b9a0c063206846d603b92030eb6f03069151a625667f982887153e2"},
    {file = "pydantic_core-2.27.2-cp312-cp312-manylinux_2_5_i686.manylinux1_i686.whl", hash = "sha256:28ccb213807e037460326424ceb8b5245acb88f32f3d2777427476e1b32c48c4"},
    {file = "pydantic_core-2.27.2-cp312-cp312-musllinux_1_1_aarch64.whl", hash = "sha256:de3cd1899e2c279b140adde9357c4495ed9d47131b4a4eaff9052f23398076b3"},
    {file = "pydantic_core-2.27.2-cp312-cp312-musllinux_1_1_armv7l.whl", hash = "sha256:220f892729375e2d736b97d0e51466252ad84c51857d4d15f5e9692f9ef12be4"},
    {file = "pydantic_core-2.27.2-cp312-cp312-musllinux_1_1_x86_64.whl", hash = "sha256:a0fcd29cd6b4e74fe8ddd2c90330fd8edf2e30cb52acda47f06dd615ae72da57"},
    {file = "pydantic_core-2.27.2-cp312-cp312-win32.whl", hash = "sha256:1e2cb691ed9834cd6a8be61228471d0a503731abfb42f82458ff27be7b2186fc"},
    {file = "pydantic_core-2.27.2-cp312-cp312-win_amd64.whl", hash = "sha256:cc3f1a99a4f4f9dd1de4fe0312c114e740b5ddead65bb4102884b384c15d8bc9"},
    {file = "pydantic_core-2.27.2-cp312-cp312-win_arm64.whl", hash = "sha256:3911ac9284cd8a1792d3cb26a2da18f3ca26c6908cc434a18f730dc0db7bfa3b"},
    {file = "pydantic_core-2.27.2-cp313-cp313-macosx_10_12_x86_64.whl", hash = "sha256:7d14bd329640e63852364c306f4d23eb744e0f8193148d4044dd3dacdaacbd8b"},
    {file = "pydantic_core-2.27.2-cp313-cp313-macosx_11_0_arm64.whl", hash = "sha256:82f91663004eb8ed30ff478d77c4d1179b3563df6cdb15c0817cd1cdaf34d154"},
    {file = "pydantic_core-2.27.2-cp313-cp313-manylinux_2_17_aarch64.manylinux2014_aarch64.whl", hash = "sha256:71b24c7d61131bb83df10cc7e687433609963a944ccf45190cfc21e0887b08c9"},
    {file = "pydantic_core-2.27.2-cp313-cp313-manylinux_2_17_armv7l.manylinux2014_armv7l.whl", hash = "sha256:fa8e459d4954f608fa26116118bb67f56b93b209c39b008277ace29937453dc9"},
    {file = "pydantic_core-2.27.2-cp313-cp313-manylinux_2_17_ppc64le.manylinux2014_ppc64le.whl", hash = "sha256:ce8918cbebc8da707ba805b7fd0b382816858728ae7fe19a942080c24e5b7cd1"},
    {file = "pydantic_core-2.27.2-cp313-cp313-manylinux_2_17_s390x.manylinux2014_s390x.whl", hash = "sha256:eda3f5c2a021bbc5d976107bb302e0131351c2ba54343f8a496dc8783d3d3a6a"},
    {file = "pydantic_core-2.27.2-cp313-cp313-manylinux_2_17_x86_64.manylinux2014_x86_64.whl", hash = "sha256:bd8086fa684c4775c27f03f062cbb9eaa6e17f064307e86b21b9e0abc9c0f02e"},
    {file = "pydantic_core-2.27.2-cp313-cp313-manylinux_2_5_i686.manylinux1_i686.whl", hash = "sha256:8d9b3388db186ba0c099a6d20f0604a44eabdeef1777ddd94786cdae158729e4"},
    {file = "pydantic_core-2.27.2-cp313-cp313-musllinux_1_1_aarch64.whl", hash = "sha256:7a66efda2387de898c8f38c0cf7f14fca0b51a8ef0b24bfea5849f1b3c95af27"},
    {file = "pydantic_core-2.27.2-cp313-cp313-musllinux_1_1_armv7l.whl", hash = "sha256:18a101c168e4e092ab40dbc2503bdc0f62010e95d292b27827871dc85450d7ee"},
    {file = "pydantic_core-2.27.2-cp313-cp313-musllinux_1_1_x86_64.whl", hash = "sha256:ba5dd002f88b78a4215ed2f8ddbdf85e8513382820ba15ad5ad8955ce0ca19a1"},
    {file = "pydantic_core-2.27.2-cp313-cp313-win32.whl", hash = "sha256:1ebaf1d0481914d004a573394f4be3a7616334be70261007e47c2a6fe7e50130"},
    {file = "pydantic_core-2.27.2-cp313-cp313-win_amd64.whl", hash = "sha256:953101387ecf2f5652883208769a79e48db18c6df442568a0b5ccd8c2723abee"},
    {file = "pydantic_core-2.27.2-cp313-cp313-win_arm64.whl", hash = "sha256:ac4dbfd1691affb8f48c2c13241a2e3b60ff23247cbcf981759c768b6633cf8b"},
    {file = "pydantic_core-2.27.2-cp38-cp38-macosx_10_12_x86_64.whl", hash = "sha256:d3e8d504bdd3f10835468f29008d72fc8359d95c9c415ce6e767203db6127506"},
    {file = "pydantic_core-2.27.2-cp38-cp38-macosx_11_0_arm64.whl", hash = "sha256:521eb9b7f036c9b6187f0b47318ab0d7ca14bd87f776240b90b21c1f4f149320"},
    {file = "pydantic_core-2.27.2-cp38-cp38-manylinux_2_17_aarch64.manylinux2014_aarch64.whl", hash = "sha256:85210c4d99a0114f5a9481b44560d7d1e35e32cc5634c656bc48e590b669b145"},
    {file = "pydantic_core-2.27.2-cp38-cp38-manylinux_2_17_armv7l.manylinux2014_armv7l.whl", hash = "sha256:d716e2e30c6f140d7560ef1538953a5cd1a87264c737643d481f2779fc247fe1"},
    {file = "pydantic_core-2.27.2-cp38-cp38-manylinux_2_17_ppc64le.manylinux2014_ppc64le.whl", hash = "sha256:f66d89ba397d92f840f8654756196d93804278457b5fbede59598a1f9f90b228"},
    {file = "pydantic_core-2.27.2-cp38-cp38-manylinux_2_17_s390x.manylinux2014_s390x.whl", hash = "sha256:669e193c1c576a58f132e3158f9dfa9662969edb1a250c54d8fa52590045f046"},
    {file = "pydantic_core-2.27.2-cp38-cp38-manylinux_2_17_x86_64.manylinux2014_x86_64.whl", hash = "sha256:9fdbe7629b996647b99c01b37f11170a57ae675375b14b8c13b8518b8320ced5"},
    {file = "pydantic_core-2.27.2-cp38-cp38-manylinux_2_5_i686.manylinux1_i686.whl", hash = "sha256:d262606bf386a5ba0b0af3b97f37c83d7011439e3dc1a9298f21efb292e42f1a"},
    {file = "pydantic_core-2.27.2-cp38-cp38-musllinux_1_1_aarch64.whl", hash = "sha256:cabb9bcb7e0d97f74df8646f34fc76fbf793b7f6dc2438517d7a9e50eee4f14d"},
    {file = "pydantic_core-2.27.2-cp38-cp38-musllinux_1_1_armv7l.whl", hash = "sha256:d2d63f1215638d28221f664596b1ccb3944f6e25dd18cd3b86b0a4c408d5ebb9"},
    {file = "pydantic_core-2.27.2-cp38-cp38-musllinux_1_1_x86_64.whl", hash = "sha256:bca101c00bff0adb45a833f8451b9105d9df18accb8743b08107d7ada14bd7da"},
    {file = "pydantic_core-2.27.2-cp38-cp38-win32.whl", hash = "sha256:f6f8e111843bbb0dee4cb6594cdc73e79b3329b526037ec242a3e49012495b3b"},
    {file = "pydantic_core-2.27.2-cp38-cp38-win_amd64.whl", hash = "sha256:fd1aea04935a508f62e0d0ef1f5ae968774a32afc306fb8545e06f5ff5cdf3ad"},
    {file = "pydantic_core-2.27.2-cp39-cp39-macosx_10_12_x86_64.whl", hash = "sha256:c10eb4f1659290b523af58fa7cffb452a61ad6ae5613404519aee4bfbf1df993"},
    {file = "pydantic_core-2.27.2-cp39-cp39-macosx_11_0_arm64.whl", hash = "sha256:ef592d4bad47296fb11f96cd7dc898b92e795032b4894dfb4076cfccd43a9308"},
    {file = "pydantic_core-2.27.2-cp39-cp39-manylinux_2_17_aarch64.manylinux2014_aarch64.whl", hash = "sha256:c61709a844acc6bf0b7dce7daae75195a10aac96a596ea1b776996414791ede4"},
    {file = "pydantic_core-2.27.2-cp39-cp39-manylinux_2_17_armv7l.manylinux2014_armv7l.whl", hash = "sha256:42c5f762659e47fdb7b16956c71598292f60a03aa92f8b6351504359dbdba6cf"},
    {file = "pydantic_core-2.27.2-cp39-cp39-manylinux_2_17_ppc64le.manylinux2014_ppc64le.whl", hash = "sha256:4c9775e339e42e79ec99c441d9730fccf07414af63eac2f0e48e08fd38a64d76"},
    {file = "pydantic_core-2.27.2-cp39-cp39-manylinux_2_17_s390x.manylinux2014_s390x.whl", hash = "sha256:57762139821c31847cfb2df63c12f725788bd9f04bc2fb392790959b8f70f118"},
    {file = "pydantic_core-2.27.2-cp39-cp39-manylinux_2_17_x86_64.manylinux2014_x86_64.whl", hash = "sha256:0d1e85068e818c73e048fe28cfc769040bb1f475524f4745a5dc621f75ac7630"},
    {file = "pydantic_core-2.27.2-cp39-cp39-manylinux_2_5_i686.manylinux1_i686.whl", hash = "sha256:097830ed52fd9e427942ff3b9bc17fab52913b2f50f2880dc4a5611446606a54"},
    {file = "pydantic_core-2.27.2-cp39-cp39-musllinux_1_1_aarch64.whl", hash = "sha256:044a50963a614ecfae59bb1eaf7ea7efc4bc62f49ed594e18fa1e5d953c40e9f"},
    {file = "pydantic_core-2.27.2-cp39-cp39-musllinux_1_1_armv7l.whl", hash = "sha256:4e0b4220ba5b40d727c7f879eac379b822eee5d8fff418e9d3381ee45b3b0362"},
    {file = "pydantic_core-2.27.2-cp39-cp39-musllinux_1_1_x86_64.whl", hash = "sha256:5e4f4bb20d75e9325cc9696c6802657b58bc1dbbe3022f32cc2b2b632c3fbb96"},
    {file = "pydantic_core-2.27.2-cp39-cp39-win32.whl", hash = "sha256:cca63613e90d001b9f2f9a9ceb276c308bfa2a43fafb75c8031c4f66039e8c6e"},
    {file = "pydantic_core-2.27.2-cp39-cp39-win_amd64.whl", hash = "sha256:77d1bca19b0f7021b3a982e6f903dcd5b2b06076def36a652e3907f596e29f67"},
    {file = "pydantic_core-2.27.2-pp310-pypy310_pp73-macosx_10_12_x86_64.whl", hash = "sha256:2bf14caea37e91198329b828eae1618c068dfb8ef17bb33287a7ad4b61ac314e"},
    {file = "pydantic_core-2.27.2-pp310-pypy310_pp73-macosx_11_0_arm64.whl", hash = "sha256:b0cb791f5b45307caae8810c2023a184c74605ec3bcbb67d13846c28ff731ff8"},
    {file = "pydantic_core-2.27.2-pp310-pypy310_pp73-manylinux_2_17_aarch64.manylinux2014_aarch64.whl", hash = "sha256:688d3fd9fcb71f41c4c015c023d12a79d1c4c0732ec9eb35d96e3388a120dcf3"},
    {file = "pydantic_core-2.27.2-pp310-pypy310_pp73-manylinux_2_17_x86_64.manylinux2014_x86_64.whl", hash = "sha256:3d591580c34f4d731592f0e9fe40f9cc1b430d297eecc70b962e93c5c668f15f"},
    {file = "pydantic_core-2.27.2-pp310-pypy310_pp73-manylinux_2_5_i686.manylinux1_i686.whl", hash = "sha256:82f986faf4e644ffc189a7f1aafc86e46ef70372bb153e7001e8afccc6e54133"},
    {file = "pydantic_core-2.27.2-pp310-pypy310_pp73-musllinux_1_1_aarch64.whl", hash = "sha256:bec317a27290e2537f922639cafd54990551725fc844249e64c523301d0822fc"},
    {file = "pydantic_core-2.27.2-pp310-pypy310_pp73-musllinux_1_1_armv7l.whl", hash = "sha256:0296abcb83a797db256b773f45773da397da75a08f5fcaef41f2044adec05f50"},
    {file = "pydantic_core-2.27.2-pp310-pypy310_pp73-musllinux_1_1_x86_64.whl", hash = "sha256:0d75070718e369e452075a6017fbf187f788e17ed67a3abd47fa934d001863d9"},
    {file = "pydantic_core-2.27.2-pp310-pypy310_pp73-win_amd64.whl", hash = "sha256:7e17b560be3c98a8e3aa66ce828bdebb9e9ac6ad5466fba92eb74c4c95cb1151"},
    {file = "pydantic_core-2.27.2-pp39-pypy39_pp73-macosx_10_12_x86_64.whl", hash = "sha256:c33939a82924da9ed65dab5a65d427205a73181d8098e79b6b426bdf8ad4e656"},
    {file = "pydantic_core-2.27.2-pp39-pypy39_pp73-macosx_11_0_arm64.whl", hash = "sha256:00bad2484fa6bda1e216e7345a798bd37c68fb2d97558edd584942aa41b7d278"},
    {file = "pydantic_core-2.27.2-pp39-pypy39_pp73-manylinux_2_17_aarch64.manylinux2014_aarch64.whl", hash = "sha256:c817e2b40aba42bac6f457498dacabc568c3b7a986fc9ba7c8d9d260b71485fb"},
    {file = "pydantic_core-2.27.2-pp39-pypy39_pp73-manylinux_2_17_x86_64.manylinux2014_x86_64.whl", hash = "sha256:251136cdad0cb722e93732cb45ca5299fb56e1344a833640bf93b2803f8d1bfd"},
    {file = "pydantic_core-2.27.2-pp39-pypy39_pp73-manylinux_2_5_i686.manylinux1_i686.whl", hash = "sha256:d2088237af596f0a524d3afc39ab3b036e8adb054ee57cbb1dcf8e09da5b29cc"},
    {file = "pydantic_core-2.27.2-pp39-pypy39_pp73-musllinux_1_1_aarch64.whl", hash = "sha256:d4041c0b966a84b4ae7a09832eb691a35aec90910cd2dbe7a208de59be77965b"},
    {file = "pydantic_core-2.27.2-pp39-pypy39_pp73-musllinux_1_1_armv7l.whl", hash = "sha256:8083d4e875ebe0b864ffef72a4304827015cff328a1be6e22cc850753bfb122b"},
    {file = "pydantic_core-2.27.2-pp39-pypy39_pp73-musllinux_1_1_x86_64.whl", hash = "sha256:f141ee28a0ad2123b6611b6ceff018039df17f32ada8b534e6aa039545a3efb2"},
    {file = "pydantic_core-2.27.2-pp39-pypy39_pp73-win_amd64.whl", hash = "sha256:7d0c8399fcc1848491f00e0314bd59fb34a9c008761bcb422a057670c3f65e35"},
    {file = "pydantic_core-2.27.2.tar.gz", hash = "sha256:eb026e5a4c1fee05726072337ff51d1efb6f59090b7da90d30ea58625b1ffb39"},
]

[package.dependencies]
typing-extensions = ">=4.6.0,<4.7.0 || >4.7.0"

[[package]]
name = "pyjson5"
version = "1.6.8"
description = "JSON5 serializer and parser for Python 3 written in Cython."
optional = false
python-versions = ">=3.7"
files = [
    {file = "pyjson5-1.6.8-cp310-cp310-macosx_10_9_universal2.whl", hash = "sha256:208b8bf374c42f4ce7ca0a735da8ad508285f7c36268eab7ecb01e1e66fbb309"},
    {file = "pyjson5-1.6.8-cp310-cp310-macosx_10_9_x86_64.whl", hash = "sha256:1aed6425a5645b74d93f99ec56e6412e843c252c40e647a8c7856c3e8e828819"},
    {file = "pyjson5-1.6.8-cp310-cp310-macosx_11_0_arm64.whl", hash = "sha256:6894bb4558dab2989f75cf816eb49020765015830a95ddd2a48c20c2d4fbc859"},
    {file = "pyjson5-1.6.8-cp310-cp310-manylinux_2_17_aarch64.manylinux2014_aarch64.whl", hash = "sha256:db7df506cf28addb35f508aa0ea19485a188de7708e2760f3cca29750773ad0a"},
    {file = "pyjson5-1.6.8-cp310-cp310-manylinux_2_17_armv7l.manylinux2014_armv7l.manylinux_2_31_armv7l.whl", hash = "sha256:a7bd59c9000a413ffa794d5feebd54475dffd2c65a5b0fa11e18fa084caa4146"},
    {file = "pyjson5-1.6.8-cp310-cp310-manylinux_2_17_ppc64le.manylinux2014_ppc64le.whl", hash = "sha256:3e8807fbb37eab3de4ebf2584e1b94677311a9adc17202ca36945f1d5976e747"},
    {file = "pyjson5-1.6.8-cp310-cp310-manylinux_2_17_s390x.manylinux2014_s390x.whl", hash = "sha256:628188b3882edac2a3171e52959348834bf166683ba2f0ed41086a6556523cd5"},
    {file = "pyjson5-1.6.8-cp310-cp310-manylinux_2_17_x86_64.manylinux2014_x86_64.whl", hash = "sha256:c32d633aef62fd8faef22b8a1f90eedeb139b6900cc5abaf12d6bd69e11a62f6"},
    {file = "pyjson5-1.6.8-cp310-cp310-manylinux_2_5_i686.manylinux1_i686.manylinux_2_17_i686.manylinux2014_i686.whl", hash = "sha256:7489387590db81b7acba0b0ca5703173689745bf3b98b8386b912e125bf92595"},
    {file = "pyjson5-1.6.8-cp310-cp310-musllinux_1_2_aarch64.whl", hash = "sha256:b945ab6795423eff3c129628a910dfae7ac9009e300471436d4d405de27dfd15"},
    {file = "pyjson5-1.6.8-cp310-cp310-musllinux_1_2_armv7l.whl", hash = "sha256:d8d3229287ff78ead13493b0613566473d0f4298dd3c827f91242bab9184133c"},
    {file = "pyjson5-1.6.8-cp310-cp310-musllinux_1_2_i686.whl", hash = "sha256:c7e9cec9c9e9c2ad3561df2cebedbd4a7348b73ebb8a665ea99e3ce145beffbf"},
    {file = "pyjson5-1.6.8-cp310-cp310-musllinux_1_2_ppc64le.whl", hash = "sha256:0fac0c9137785ceabd7ec48bfdd4b87eb11e186c495fd02c1a6e0e0af24a0979"},
    {file = "pyjson5-1.6.8-cp310-cp310-musllinux_1_2_s390x.whl", hash = "sha256:357e861d1dd0906d8233e2c18fc77ebda6eee3e2ca460fafc443c9df9eb0a5e7"},
    {file = "pyjson5-1.6.8-cp310-cp310-musllinux_1_2_x86_64.whl", hash = "sha256:19636485a5799a33ee4e9d1eabc5097d25c16ae08be340ee5a2c9d548d33297d"},
    {file = "pyjson5-1.6.8-cp310-cp310-win32.whl", hash = "sha256:46173d6d66ed1a9e3173f489132535a5387116d54954ac527e2244b067cc9296"},
    {file = "pyjson5-1.6.8-cp310-cp310-win_amd64.whl", hash = "sha256:f3bc501e35ac49b4df950d7e14e5a53a5618e2ba36c6364be0733cc65800c80a"},
    {file = "pyjson5-1.6.8-cp310-cp310-win_arm64.whl", hash = "sha256:40e840b4e7ec92b944ba03654b2f94b4509f6c77c4b5d74348830983ea711873"},
    {file = "pyjson5-1.6.8-cp311-cp311-macosx_10_9_universal2.whl", hash = "sha256:571534c8b64116b411a66ab50cb04e9c7f0b574cbfefacd5bc31f97d5395965a"},
    {file = "pyjson5-1.6.8-cp311-cp311-macosx_10_9_x86_64.whl", hash = "sha256:9ae405a054886d544fbbd909f66dcfb5ae5a86a377c70d43799aa4691ac6e9ef"},
    {file = "pyjson5-1.6.8-cp311-cp311-macosx_11_0_arm64.whl", hash = "sha256:970345b95004f12b5e7694b954c6c734497cfd52195e3cd36b8f44c81b858683"},
    {file = "pyjson5-1.6.8-cp311-cp311-manylinux_2_17_aarch64.manylinux2014_aarch64.whl", hash = "sha256:51d8ef9626ceb75352fa0bc2a99c173de493c910e5b0de9dfeee2680c4eeafd4"},
    {file = "pyjson5-1.6.8-cp311-cp311-manylinux_2_17_armv7l.manylinux2014_armv7l.manylinux_2_31_armv7l.whl", hash = "sha256:6bda3c48c5eb1ac4daee5dd5204e38e6751f74ad23840a8d98f25582578a3852"},
    {file = "pyjson5-1.6.8-cp311-cp311-manylinux_2_17_ppc64le.manylinux2014_ppc64le.whl", hash = "sha256:0e39d7414ea02439bbd4f7d0c9fb2607a4cda1061eeee853bb046b2df39f0b26"},
    {file = "pyjson5-1.6.8-cp311-cp311-manylinux_2_17_s390x.manylinux2014_s390x.whl", hash = "sha256:95295503ee7fa7a9428425da22e88ae2513f8e353fd25b653c58248ab706e2e1"},
    {file = "pyjson5-1.6.8-cp311-cp311-manylinux_2_17_x86_64.manylinux2014_x86_64.whl", hash = "sha256:2ae856525e4d178a05771c4c593c8ec5625480d916cd81e544f5abd9376e929c"},
    {file = "pyjson5-1.6.8-cp311-cp311-manylinux_2_5_i686.manylinux1_i686.manylinux_2_17_i686.manylinux2014_i686.whl", hash = "sha256:404a227befcb3a18736869b89bb0269de102ce1f671bfd0b7deb8c23f345f71b"},
    {file = "pyjson5-1.6.8-cp311-cp311-musllinux_1_2_aarch64.whl", hash = "sha256:32857cec9deb18fa4edb9dccf261066f7d5b2b4fadc901cbe99938d553ae5bfa"},
    {file = "pyjson5-1.6.8-cp311-cp311-musllinux_1_2_armv7l.whl", hash = "sha256:1fa3b0a34920615c555958b7656e450fc682bdf61410814495b7947168ca529b"},
    {file = "pyjson5-1.6.8-cp311-cp311-musllinux_1_2_i686.whl", hash = "sha256:89eeb08b5e77f59ac9040bbd93be637a8ea829c06173316756e2e9026dcf2393"},
    {file = "pyjson5-1.6.8-cp311-cp311-musllinux_1_2_ppc64le.whl", hash = "sha256:78bd729b58d590e2c0892c6c33d555e93d16bf86e38c296ff0525278973ae4d2"},
    {file = "pyjson5-1.6.8-cp311-cp311-musllinux_1_2_s390x.whl", hash = "sha256:d27f71da8a9d5de12e1c2c7ea060b029778efc5c0611de6401c1c3142991038d"},
    {file = "pyjson5-1.6.8-cp311-cp311-musllinux_1_2_x86_64.whl", hash = "sha256:1abe62fa9cc8cad77a52979a17aa092fe55630c7dd5b37156e64f4fb278aebc9"},
    {file = "pyjson5-1.6.8-cp311-cp311-win32.whl", hash = "sha256:f89dfaf06fccbefcbca50f6a435b70cd47a46612be17114cac8fb6f85e65d0b2"},
    {file = "pyjson5-1.6.8-cp311-cp311-win_amd64.whl", hash = "sha256:4fe4971ff95058bf25b9eb2928ee01b63ff89dff3625baeb1ba414b42f09017a"},
    {file = "pyjson5-1.6.8-cp311-cp311-win_arm64.whl", hash = "sha256:a903d111e4f0cf383a6e09e2c1e85152a2aa9d25b364c813025f6a947a10db60"},
    {file = "pyjson5-1.6.8-cp312-cp312-macosx_10_13_universal2.whl", hash = "sha256:d7b4a4b36a8748011c7586d4bba3eb403d82bdb62605e7478f2c8b11c7e01711"},
    {file = "pyjson5-1.6.8-cp312-cp312-macosx_10_13_x86_64.whl", hash = "sha256:9ee2f077cf05daa9aaf3c750b63cce5b5671cf8fa848b29beaf1030a08d94fda"},
    {file = "pyjson5-1.6.8-cp312-cp312-macosx_11_0_arm64.whl", hash = "sha256:2bbfdeeb531f79730899ef674d80dd6b6bc7c29fe3789660115f0ba66eef834f"},
    {file = "pyjson5-1.6.8-cp312-cp312-manylinux_2_17_aarch64.manylinux2014_aarch64.whl", hash = "sha256:8fe8ba077a6ef01e6493696c27455eeae64e39ff4bd71a1a7bb66af40be7232c"},
    {file = "pyjson5-1.6.8-cp312-cp312-manylinux_2_17_armv7l.manylinux2014_armv7l.manylinux_2_31_armv7l.whl", hash = "sha256:701db0660e434fae000e5d4d49efc0b80fbeedf938cbcc8b6d72c229d395feca"},
    {file = "pyjson5-1.6.8-cp312-cp312-manylinux_2_17_ppc64le.manylinux2014_ppc64le.whl", hash = "sha256:515c89e7063100bcc7c67292559bdd926da19b59fe00281e9dd2fa83f30747f1"},
    {file = "pyjson5-1.6.8-cp312-cp312-manylinux_2_17_s390x.manylinux2014_s390x.whl", hash = "sha256:d622733cf671c8104a2936b3ff589903fa4e2fec5db4e2679297219446d944a7"},
    {file = "pyjson5-1.6.8-cp312-cp312-manylinux_2_17_x86_64.manylinux2014_x86_64.whl", hash = "sha256:a4577a18545f3f4461df46d3d38d85659b16a77ca8975289ef6f21e1c228f7bf"},
    {file = "pyjson5-1.6.8-cp312-cp312-manylinux_2_5_i686.manylinux1_i686.manylinux_2_17_i686.manylinux2014_i686.whl", hash = "sha256:b0cd98871646bfb2236cfdc0ae87f8ae8f1f631133b99fef5e74307248c4ae8d"},
    {file = "pyjson5-1.6.8-cp312-cp312-musllinux_1_2_aarch64.whl", hash = "sha256:5a379911161545aa57bd6cd97f249cabcfe5990688f4dff9a8f328f5f6f231d3"},
    {file = "pyjson5-1.6.8-cp312-cp312-musllinux_1_2_armv7l.whl", hash = "sha256:24c6206f508c169034fd851eb87af3aec893d2eca3bf14df65eecc520da16883"},
    {file = "pyjson5-1.6.8-cp312-cp312-musllinux_1_2_i686.whl", hash = "sha256:fd21ce9dd4733347b6a426f4f943dd20547befbd6ef502b7480944c84a1425a3"},
    {file = "pyjson5-1.6.8-cp312-cp312-musllinux_1_2_ppc64le.whl", hash = "sha256:7a11d3cd6114de90364c24876f1cd47dcecaffb47184ffffb01eb585c8810f4b"},
    {file = "pyjson5-1.6.8-cp312-cp312-musllinux_1_2_s390x.whl", hash = "sha256:4a58185b9ac3adfed0adf539be7293d76fe0f7c515b6f9982b225c8084027255"},
    {file = "pyjson5-1.6.8-cp312-cp312-musllinux_1_2_x86_64.whl", hash = "sha256:77f4724dcb646c2d40ad45d5aa7a5af86d54dc38c78e27b795418ecca23248bb"},
    {file = "pyjson5-1.6.8-cp312-cp312-win32.whl", hash = "sha256:cc414b6ab28ed75d761c825f1150c19dd9a8f9b2268ee6af0173d148f018a8c5"},
    {file = "pyjson5-1.6.8-cp312-cp312-win_amd64.whl", hash = "sha256:3fd513eaffba7b72d56bd5b26a92e2edb3694602adcaf3414a9f7d6c4c5d9be7"},
    {file = "pyjson5-1.6.8-cp312-cp312-win_arm64.whl", hash = "sha256:f8d5a208b8954758c75f8e8ae28d195bac3fae24ce9b51f6261b401e4ccce116"},
    {file = "pyjson5-1.6.8-cp313-cp313-macosx_10_13_universal2.whl", hash = "sha256:681e52df0705056dc39cf7d7bec4161e2769437fdf89f55084a4b060e9bbbfc9"},
    {file = "pyjson5-1.6.8-cp313-cp313-macosx_10_13_x86_64.whl", hash = "sha256:1550dc70199401056f80acfc503da36de2df70dd4364a0efb654ffe7e9246ac6"},
    {file = "pyjson5-1.6.8-cp313-cp313-macosx_11_0_arm64.whl", hash = "sha256:77005662014809a7b8b78f984131a3751295ff102f4c62b452bbdac946360166"},
    {file = "pyjson5-1.6.8-cp313-cp313-manylinux_2_17_aarch64.manylinux2014_aarch64.whl", hash = "sha256:65f2922cc8fd6b1e9cc8ff7e5fe975f7bf111c03eb06ed9b2ee793e6870d3212"},
    {file = "pyjson5-1.6.8-cp313-cp313-manylinux_2_17_armv7l.manylinux2014_armv7l.manylinux_2_31_armv7l.whl", hash = "sha256:d83e0bc87d94baa39703c1d7139c5ce7ff025a53a34251762128713a294cf147"},
    {file = "pyjson5-1.6.8-cp313-cp313-manylinux_2_17_ppc64le.manylinux2014_ppc64le.whl", hash = "sha256:72fa22291149e8731c4bbc225cf75a41a049a54903018ca670c849658c1edc04"},
    {file = "pyjson5-1.6.8-cp313-cp313-manylinux_2_17_s390x.manylinux2014_s390x.whl", hash = "sha256:3948742ff2d2f222ab87cc77d8c6ce8a9ef063fe2904f8fa88309611a128147a"},
    {file = "pyjson5-1.6.8-cp313-cp313-manylinux_2_17_x86_64.manylinux2014_x86_64.whl", hash = "sha256:94e1b9d219f40bebbb6285840b094eca523481cf199cd46154044dae333d492d"},
    {file = "pyjson5-1.6.8-cp313-cp313-manylinux_2_5_i686.manylinux1_i686.manylinux_2_17_i686.manylinux2014_i686.whl", hash = "sha256:2dea723f88e89dba1d4a6542c5527cac7ecff6755291ad2eb60e1c2f578bb69f"},
    {file = "pyjson5-1.6.8-cp313-cp313-musllinux_1_2_aarch64.whl", hash = "sha256:06b857a5a36f2bad52267d1a57a880cd62c3b0d3f3a719ab8599a1d5465e2417"},
    {file = "pyjson5-1.6.8-cp313-cp313-musllinux_1_2_armv7l.whl", hash = "sha256:aebdd4c5a878f125fea8b192244b1e64532561a315725502eee8d7629598882f"},
    {file = "pyjson5-1.6.8-cp313-cp313-musllinux_1_2_i686.whl", hash = "sha256:10688e75fd9f18e34dddd111cafd87cca6727837469b8bfb61f2d2685490f976"},
    {file = "pyjson5-1.6.8-cp313-cp313-musllinux_1_2_ppc64le.whl", hash = "sha256:e3aee51ef5feb4409ff36713f70251265b04c18c8322bc91d2578759225e918d"},
    {file = "pyjson5-1.6.8-cp313-cp313-musllinux_1_2_s390x.whl", hash = "sha256:5e7f5b92460dc69ce27814d4ab546e3bae84b9b2e26f29701ad7fab637e6bf2f"},
    {file = "pyjson5-1.6.8-cp313-cp313-musllinux_1_2_x86_64.whl", hash = "sha256:b77c94296cd0763bc2d7d276cb53dbc97edeacfbc50c02103521d586ca91ff37"},
    {file = "pyjson5-1.6.8-cp313-cp313-win32.whl", hash = "sha256:260b6f2d7148f5fa23d817b82e9960a75a44678116d6a5513bed4e88d6697343"},
    {file = "pyjson5-1.6.8-cp313-cp313-win_amd64.whl", hash = "sha256:fe03568ca61050f00c951501d70aaf68064ab5fecb3d84961ce743102cc81036"},
    {file = "pyjson5-1.6.8-cp313-cp313-win_arm64.whl", hash = "sha256:f984d06902b2096206d15bcbc6f0c75c024de295294ca04c8c11aedc871e2da0"},
    {file = "pyjson5-1.6.8-cp37-cp37m-macosx_10_9_x86_64.whl", hash = "sha256:4958a06958e9f50cc5f60af76236b9ce256b4ab655e3d50d166e8598aafefe43"},
    {file = "pyjson5-1.6.8-cp37-cp37m-manylinux_2_17_aarch64.manylinux2014_aarch64.whl", hash = "sha256:cc81e47e99558b61e96b9feb4822e959d8260c5f3757681e375f42b57fe8550c"},
    {file = "pyjson5-1.6.8-cp37-cp37m-manylinux_2_17_armv7l.manylinux2014_armv7l.manylinux_2_31_armv7l.whl", hash = "sha256:57b9bf670c8d524e213fac1065cd90b168d7c7e5fc9fbad7219a2de70b9d6761"},
    {file = "pyjson5-1.6.8-cp37-cp37m-manylinux_2_17_ppc64le.manylinux2014_ppc64le.whl", hash = "sha256:eebe950815df3d0206722c89ffc73f79fb11c202132d1ec08ebabb5d1f73433c"},
    {file = "pyjson5-1.6.8-cp37-cp37m-manylinux_2_17_s390x.manylinux2014_s390x.whl", hash = "sha256:bff832aebd269867deedae1b906b9b233ad909197debd747d28b4fbb509518e9"},
    {file = "pyjson5-1.6.8-cp37-cp37m-manylinux_2_17_x86_64.manylinux2014_x86_64.whl", hash = "sha256:3ff32694ff70d8ebe80c8989a670d6a42561b20cb3fff9b7db41b5b460e4fd4e"},
    {file = "pyjson5-1.6.8-cp37-cp37m-manylinux_2_5_i686.manylinux1_i686.manylinux_2_17_i686.manylinux2014_i686.whl", hash = "sha256:2d682d4e0dfdeb76c950fa7dd61139b70b0309d3908ef6e7dd1a75e2ef166365"},
    {file = "pyjson5-1.6.8-cp37-cp37m-musllinux_1_2_aarch64.whl", hash = "sha256:9912aed5a76998867a27379b652883166051cd60522b643611a559a1021b7cf5"},
    {file = "pyjson5-1.6.8-cp37-cp37m-musllinux_1_2_armv7l.whl", hash = "sha256:7296e0d2e1b2a9fd63cdc95b5dc2c9cd8098a60449fc93e802d23855383b6ea4"},
    {file = "pyjson5-1.6.8-cp37-cp37m-musllinux_1_2_i686.whl", hash = "sha256:ab07960def3b195e013d97d7ba66fc15109c3481c1f66abf6e4dd5b27d15a0da"},
    {file = "pyjson5-1.6.8-cp37-cp37m-musllinux_1_2_ppc64le.whl", hash = "sha256:af3d0bdeecb19e9bbf62c70ba4ee54664c986ccaadea2a6edf7552f2c700d4d5"},
    {file = "pyjson5-1.6.8-cp37-cp37m-musllinux_1_2_s390x.whl", hash = "sha256:1fa2bcdfbeac1d3c1220b1fd53edc6db0fdb9e7f71410161d3a26a9f29580839"},
    {file = "pyjson5-1.6.8-cp37-cp37m-musllinux_1_2_x86_64.whl", hash = "sha256:052ed8ee6b9d9631db66ca29799f9d37ee8c3ce77ca7b44d169495149eefd893"},
    {file = "pyjson5-1.6.8-cp37-cp37m-win32.whl", hash = "sha256:a60abd461ff8776a01852cdbafc2b9016c4fbdcfb3a3c563745e5b31c074e227"},
    {file = "pyjson5-1.6.8-cp37-cp37m-win_amd64.whl", hash = "sha256:de914ea1dd7a49862e7395206bb8d92c65e60defb8eb4b86e3d24f973db5132f"},
    {file = "pyjson5-1.6.8-cp38-cp38-macosx_10_9_universal2.whl", hash = "sha256:00361a0aaabc3162992087d83bc067517c95c35810b631d9a40b80732003066e"},
    {file = "pyjson5-1.6.8-cp38-cp38-macosx_10_9_x86_64.whl", hash = "sha256:9f3e3c4ae939d478597e2c60c0fc7d4662c3ebeae7b11e05435a67d8b2d3e8a8"},
    {file = "pyjson5-1.6.8-cp38-cp38-macosx_11_0_arm64.whl", hash = "sha256:54b680e763acb81d67b98faa817c197451bdb44d53198aff32703d542c6465fe"},
    {file = "pyjson5-1.6.8-cp38-cp38-manylinux_2_17_aarch64.manylinux2014_aarch64.whl", hash = "sha256:7da4839a6a42fd4351bb7a9794651835fb7d8a55ced25c8781d31ccff15fec80"},
    {file = "pyjson5-1.6.8-cp38-cp38-manylinux_2_17_armv7l.manylinux2014_armv7l.manylinux_2_31_armv7l.whl", hash = "sha256:0a2c476a829a5dc823fb381154be6532355588db1d13df9b2e524b022faf14d7"},
    {file = "pyjson5-1.6.8-cp38-cp38-manylinux_2_17_ppc64le.manylinux2014_ppc64le.whl", hash = "sha256:d6eee32d88c810c4cfb53cc6762ef3ac3c70d5e7bd76648d93c5e0ee103d3526"},
    {file = "pyjson5-1.6.8-cp38-cp38-manylinux_2_17_s390x.manylinux2014_s390x.whl", hash = "sha256:0c75758dd26d233f6bea4c6479a933c5092b15b6dc706cf14dc94218089285a9"},
    {file = "pyjson5-1.6.8-cp38-cp38-manylinux_2_17_x86_64.manylinux2014_x86_64.whl", hash = "sha256:b302cadffc93c936a6e81f02e1dc526d5fe17e2aa82f4d6f3034223b178d9d50"},
    {file = "pyjson5-1.6.8-cp38-cp38-manylinux_2_5_i686.manylinux1_i686.manylinux_2_17_i686.manylinux2014_i686.whl", hash = "sha256:fd074295f9771eba2fd68843ed28c58d9835012dc7ebd48687649d9d92da9ee7"},
    {file = "pyjson5-1.6.8-cp38-cp38-musllinux_1_2_aarch64.whl", hash = "sha256:25ab666bd4a400a7060d6aa508d84674f8c2dd6c15ca04ccdf524aa02ae96fff"},
    {file = "pyjson5-1.6.8-cp38-cp38-musllinux_1_2_armv7l.whl", hash = "sha256:5a1391adcf78a52004d48a80fa82f950e8a0983b773a7bedfddcea8dfa442eb8"},
    {file = "pyjson5-1.6.8-cp38-cp38-musllinux_1_2_i686.whl", hash = "sha256:660f58321f3c8e06f62b83ffd9867e2721916e1c87b1a7e936314226cfc0803c"},
    {file = "pyjson5-1.6.8-cp38-cp38-musllinux_1_2_ppc64le.whl", hash = "sha256:c1c4313379c2faf9f7eaa9d3ecdf6bd19fec32c9b9b5b4ea18b63de4520dc8ce"},
    {file = "pyjson5-1.6.8-cp38-cp38-musllinux_1_2_s390x.whl", hash = "sha256:2b7f692b6454d78ddfca8450e294631299d8cb0ab80d90bffdac88da0803ad8d"},
    {file = "pyjson5-1.6.8-cp38-cp38-musllinux_1_2_x86_64.whl", hash = "sha256:f02e405ec6b8d6255b2e6fec05526e71d254fe1345e1d428a7aa397e42d75761"},
    {file = "pyjson5-1.6.8-cp38-cp38-win32.whl", hash = "sha256:ade16f3c6fecced58f8274626fdc5c71fcf5f9ef6401d4a87b02a0c1b889ba86"},
    {file = "pyjson5-1.6.8-cp38-cp38-win_amd64.whl", hash = "sha256:962bd6a2e8c295d21713f4262b4d680f4ba5ae4194b1a37222440c75a8140ade"},
    {file = "pyjson5-1.6.8-cp39-cp39-macosx_10_9_universal2.whl", hash = "sha256:65a8dc57f815dd935a5bf3006a58d00892b8d2d2168c4e3b382104a9fc762752"},
    {file = "pyjson5-1.6.8-cp39-cp39-macosx_10_9_x86_64.whl", hash = "sha256:d0a669c4f54721c938aae42320fe5cc93e77ed79eac8247e66abc624dd9fe4e4"},
    {file = "pyjson5-1.6.8-cp39-cp39-macosx_11_0_arm64.whl", hash = "sha256:671f9e68c54db7f894808ca9921d638fc92a2d7e6fcf67ac030c9ec6ff7add34"},
    {file = "pyjson5-1.6.8-cp39-cp39-manylinux_2_17_aarch64.manylinux2014_aarch64.whl", hash = "sha256:c2342007fcf4ed52260c2b7512ae3ec9694dbf72ec4990e43c69ab4d7646dc14"},
    {file = "pyjson5-1.6.8-cp39-cp39-manylinux_2_17_armv7l.manylinux2014_armv7l.manylinux_2_31_armv7l.whl", hash = "sha256:16aadc503f247428988cba0e71f83bbd426383ba4b3658b1ca68df80783bba73"},
    {file = "pyjson5-1.6.8-cp39-cp39-manylinux_2_17_ppc64le.manylinux2014_ppc64le.whl", hash = "sha256:c64b0cdc979c8e5f328ea9e3c3c9ad26dd47c6b037abcd9a3d83a13624539c86"},
    {file = "pyjson5-1.6.8-cp39-cp39-manylinux_2_17_s390x.manylinux2014_s390x.whl", hash = "sha256:4f057998f98de42644dac09c10e69c4e283724bde581e516c2e3ace6e4f5d248"},
    {file = "pyjson5-1.6.8-cp39-cp39-manylinux_2_17_x86_64.manylinux2014_x86_64.whl", hash = "sha256:85a5a88d23e9fe54f452ea751720a153c199923c44b0cb61dd4ff20e0b3decbd"},
    {file = "pyjson5-1.6.8-cp39-cp39-manylinux_2_5_i686.manylinux1_i686.manylinux_2_17_i686.manylinux2014_i686.whl", hash = "sha256:344bda09e56492ecb7b7180ef27fa3a6664105f4b27a77ac9933076eac3a2afd"},
    {file = "pyjson5-1.6.8-cp39-cp39-musllinux_1_2_aarch64.whl", hash = "sha256:fa7b84f9dc01cac5ac2e25d25af56911dda8d8ba3d4217c768431ba39ce4248d"},
    {file = "pyjson5-1.6.8-cp39-cp39-musllinux_1_2_armv7l.whl", hash = "sha256:b7f48ec8a4dd01a4eddff56f654b4ad40ae9fdfff24834aada830b92de884027"},
    {file = "pyjson5-1.6.8-cp39-cp39-musllinux_1_2_i686.whl", hash = "sha256:59c261624e93e2da0752b91234df1c222a1ef1cc1e5a708bb7661aee974920a8"},
    {file = "pyjson5-1.6.8-cp39-cp39-musllinux_1_2_ppc64le.whl", hash = "sha256:f7c5d5a7af14bbe064cec79ca180da7cbe079316ea56994fbe657d083e02cfa2"},
    {file = "pyjson5-1.6.8-cp39-cp39-musllinux_1_2_s390x.whl", hash = "sha256:f5d9086a74246412e61a0263f81fdad4cac6ce89b03924a601ea115a7d803d52"},
    {file = "pyjson5-1.6.8-cp39-cp39-musllinux_1_2_x86_64.whl", hash = "sha256:b802b1231aa102f5e404ec52eabf2118863146ef6e002c76da7b9af58d68e9e1"},
    {file = "pyjson5-1.6.8-cp39-cp39-win32.whl", hash = "sha256:339e0813957c9ca0950c30b72e366a00f48a233051cedb5e1a77c3004d95428a"},
    {file = "pyjson5-1.6.8-cp39-cp39-win_amd64.whl", hash = "sha256:748f2db601c8347acd27be01cb27e18c151a16c307f4951712c2e93f92fd91b3"},
    {file = "pyjson5-1.6.8-cp39-cp39-win_arm64.whl", hash = "sha256:7c4de1cde04573cd220a042006d088b0d4a042b5270cb9e8ca0a3c16cfacf5e9"},
    {file = "pyjson5-1.6.8.tar.gz", hash = "sha256:b3ecee050a8a4b03cc4f1a7e9a0c478be757b46578fda1ea0f16ac8a24ba8e7a"},
]

[[package]]
name = "structlog"
version = "25.1.0"
description = "Structured Logging for Python"
optional = false
python-versions = ">=3.8"
files = [
    {file = "structlog-25.1.0-py3-none-any.whl", hash = "sha256:843fe4f254540329f380812cbe612e1af5ec5b8172205ae634679cd35a6d6321"},
    {file = "structlog-25.1.0.tar.gz", hash = "sha256:2ef2a572e0e27f09664965d31a576afe64e46ac6084ef5cec3c2b8cd6e4e3ad3"},
]

[package.extras]
dev = ["freezegun (>=0.2.8)", "mypy (>=1.4)", "pretend", "pytest (>=6.0)", "pytest-asyncio (>=0.17)", "rich", "simplejson", "twisted"]
docs = ["cogapp", "furo", "myst-parser", "sphinx", "sphinx-notfound-page", "sphinxcontrib-mermaid", "sphinxext-opengraph", "twisted"]
tests = ["freezegun (>=0.2.8)", "pretend", "pytest (>=6.0)", "pytest-asyncio (>=0.17)", "simplejson"]
typing = ["mypy (>=1.4)", "rich", "twisted"]

[[package]]
name = "typing-extensions"
version = "4.12.2"
description = "Backported and Experimental Type Hints for Python 3.8+"
optional = false
python-versions = ">=3.8"
files = [
    {file = "typing_extensions-4.12.2-py3-none-any.whl", hash = "sha256:04e5ca0351e0f3f85c6853954072df659d0d13fac324d0072316b67d7794700d"},
    {file = "typing_extensions-4.12.2.tar.gz", hash = "sha256:1a7ead55c7e559dd4dee8856e3a88b41225abfe1ce8df57b7c13915fe121ffb8"},
]

[metadata]
lock-version = "2.0"
python-versions = "^3.12"
content-hash = "750034fd02e61c74b4814def99ab911ea5066542e128cb3542605634a012460c"
